// !$*UTF8*$!
{
	archiveVersion = 1;
	classes = {
	};
	objectVersion = 56;
	objects = {

/* Begin PBXBuildFile section */
		BA3743E529415F6700CA6194 /* ExplanationSlide.swift in Sources */ = {isa = PBXBuildFile; fileRef = BA3743E429415F6700CA6194 /* ExplanationSlide.swift */; };
		BA3743E72941619400CA6194 /* Slide.swift in Sources */ = {isa = PBXBuildFile; fileRef = BA3743E62941619400CA6194 /* Slide.swift */; };
		BA3743EA2942602A00CA6194 /* TitledSlide.swift in Sources */ = {isa = PBXBuildFile; fileRef = BA3743E92942602A00CA6194 /* TitledSlide.swift */; };
		BA3743EC2942611500CA6194 /* TextBody.swift in Sources */ = {isa = PBXBuildFile; fileRef = BA3743EB2942611500CA6194 /* TextBody.swift */; };
		BA3743F7294286C400CA6194 /* Splash in Frameworks */ = {isa = PBXBuildFile; productRef = BA3743F6294286C400CA6194 /* Splash */; };
		BA3743F9294286CB00CA6194 /* CodeExample.swift in Sources */ = {isa = PBXBuildFile; fileRef = BA3743F8294286CB00CA6194 /* CodeExample.swift */; };
		BAFE8DBB29410475005488CF /* HackathonPresentationApp.swift in Sources */ = {isa = PBXBuildFile; fileRef = BAFE8DBA29410475005488CF /* HackathonPresentationApp.swift */; };
		BAFE8DBD29410475005488CF /* ContentView.swift in Sources */ = {isa = PBXBuildFile; fileRef = BAFE8DBC29410475005488CF /* ContentView.swift */; };
		BAFE8DBF29410476005488CF /* Assets.xcassets in Resources */ = {isa = PBXBuildFile; fileRef = BAFE8DBE29410476005488CF /* Assets.xcassets */; };
		BAFE8DC229410476005488CF /* Preview Assets.xcassets in Resources */ = {isa = PBXBuildFile; fileRef = BAFE8DC129410476005488CF /* Preview Assets.xcassets */; };
		BAFE8DCB29410488005488CF /* SwiftPresent in Frameworks */ = {isa = PBXBuildFile; productRef = BAFE8DCA29410488005488CF /* SwiftPresent */; };
		BAFE8DCE29411C8C005488CF /* TitleSlide.swift in Sources */ = {isa = PBXBuildFile; fileRef = BAFE8DCD29411C8C005488CF /* TitleSlide.swift */; };
		BAFE8DD229411F14005488CF /* Slides.swift in Sources */ = {isa = PBXBuildFile; fileRef = BAFE8DD129411F14005488CF /* Slides.swift */; };
		BAFE8DD629412FA9005488CF /* TrollTitleSlide.swift in Sources */ = {isa = PBXBuildFile; fileRef = BAFE8DD529412FA9005488CF /* TrollTitleSlide.swift */; };
		BAFE8DD82941435B005488CF /* Theme.swift in Sources */ = {isa = PBXBuildFile; fileRef = BAFE8DD72941435B005488CF /* Theme.swift */; };
		BAFE8DDF29415770005488CF /* SimulationKit in Frameworks */ = {isa = PBXBuildFile; productRef = BAFE8DDE29415770005488CF /* SimulationKit */; };
		BAFE8DE129415770005488CF /* SimulationKitUI in Frameworks */ = {isa = PBXBuildFile; productRef = BAFE8DE029415770005488CF /* SimulationKitUI */; };
		BAFE8DE6294157CE005488CF /* BoidShape.swift in Sources */ = {isa = PBXBuildFile; fileRef = BAFE8DE4294157CE005488CF /* BoidShape.swift */; };
		BAFE8DE7294157CE005488CF /* BoidsCanvas.swift in Sources */ = {isa = PBXBuildFile; fileRef = BAFE8DE5294157CE005488CF /* BoidsCanvas.swift */; };
		BAFE8DE9294158F6005488CF /* Boid.swift in Sources */ = {isa = PBXBuildFile; fileRef = BAFE8DE8294158F6005488CF /* Boid.swift */; };
		BAFE8DEB294158FB005488CF /* Flock.swift in Sources */ = {isa = PBXBuildFile; fileRef = BAFE8DEA294158FB005488CF /* Flock.swift */; };
		BAFE8DED294158FF005488CF /* ForceGenerators.swift in Sources */ = {isa = PBXBuildFile; fileRef = BAFE8DEC294158FF005488CF /* ForceGenerators.swift */; };
/* End PBXBuildFile section */

/* Begin PBXFileReference section */
		BA3743E429415F6700CA6194 /* ExplanationSlide.swift */ = {isa = PBXFileReference; lastKnownFileType = sourcecode.swift; path = ExplanationSlide.swift; sourceTree = "<group>"; };
		BA3743E62941619400CA6194 /* Slide.swift */ = {isa = PBXFileReference; lastKnownFileType = sourcecode.swift; path = Slide.swift; sourceTree = "<group>"; };
		BA3743E92942602A00CA6194 /* TitledSlide.swift */ = {isa = PBXFileReference; lastKnownFileType = sourcecode.swift; path = TitledSlide.swift; sourceTree = "<group>"; };
		BA3743EB2942611500CA6194 /* TextBody.swift */ = {isa = PBXFileReference; lastKnownFileType = sourcecode.swift; path = TextBody.swift; sourceTree = "<group>"; };
		BA3743F8294286CB00CA6194 /* CodeExample.swift */ = {isa = PBXFileReference; lastKnownFileType = sourcecode.swift; path = CodeExample.swift; sourceTree = "<group>"; };
		BAFE8DB729410475005488CF /* HackathonPresentation.app */ = {isa = PBXFileReference; explicitFileType = wrapper.application; includeInIndex = 0; path = HackathonPresentation.app; sourceTree = BUILT_PRODUCTS_DIR; };
		BAFE8DBA29410475005488CF /* HackathonPresentationApp.swift */ = {isa = PBXFileReference; lastKnownFileType = sourcecode.swift; path = HackathonPresentationApp.swift; sourceTree = "<group>"; };
		BAFE8DBC29410475005488CF /* ContentView.swift */ = {isa = PBXFileReference; lastKnownFileType = sourcecode.swift; path = ContentView.swift; sourceTree = "<group>"; };
		BAFE8DBE29410476005488CF /* Assets.xcassets */ = {isa = PBXFileReference; lastKnownFileType = folder.assetcatalog; path = Assets.xcassets; sourceTree = "<group>"; };
		BAFE8DC129410476005488CF /* Preview Assets.xcassets */ = {isa = PBXFileReference; lastKnownFileType = folder.assetcatalog; path = "Preview Assets.xcassets"; sourceTree = "<group>"; };
		BAFE8DC329410476005488CF /* HackathonPresentation.entitlements */ = {isa = PBXFileReference; lastKnownFileType = text.plist.entitlements; path = HackathonPresentation.entitlements; sourceTree = "<group>"; };
		BAFE8DCD29411C8C005488CF /* TitleSlide.swift */ = {isa = PBXFileReference; lastKnownFileType = sourcecode.swift; path = TitleSlide.swift; sourceTree = "<group>"; };
		BAFE8DD129411F14005488CF /* Slides.swift */ = {isa = PBXFileReference; lastKnownFileType = sourcecode.swift; path = Slides.swift; sourceTree = "<group>"; };
		BAFE8DD529412FA9005488CF /* TrollTitleSlide.swift */ = {isa = PBXFileReference; lastKnownFileType = sourcecode.swift; path = TrollTitleSlide.swift; sourceTree = "<group>"; };
		BAFE8DD72941435B005488CF /* Theme.swift */ = {isa = PBXFileReference; lastKnownFileType = sourcecode.swift; path = Theme.swift; sourceTree = "<group>"; };
		BAFE8DE4294157CE005488CF /* BoidShape.swift */ = {isa = PBXFileReference; fileEncoding = 4; lastKnownFileType = sourcecode.swift; path = BoidShape.swift; sourceTree = "<group>"; };
		BAFE8DE5294157CE005488CF /* BoidsCanvas.swift */ = {isa = PBXFileReference; fileEncoding = 4; lastKnownFileType = sourcecode.swift; path = BoidsCanvas.swift; sourceTree = "<group>"; };
		BAFE8DE8294158F6005488CF /* Boid.swift */ = {isa = PBXFileReference; fileEncoding = 4; lastKnownFileType = sourcecode.swift; path = Boid.swift; sourceTree = "<group>"; };
		BAFE8DEA294158FB005488CF /* Flock.swift */ = {isa = PBXFileReference; fileEncoding = 4; lastKnownFileType = sourcecode.swift; path = Flock.swift; sourceTree = "<group>"; };
		BAFE8DEC294158FF005488CF /* ForceGenerators.swift */ = {isa = PBXFileReference; fileEncoding = 4; lastKnownFileType = sourcecode.swift; path = ForceGenerators.swift; sourceTree = "<group>"; };
/* End PBXFileReference section */

/* Begin PBXFrameworksBuildPhase section */
		BAFE8DB429410475005488CF /* Frameworks */ = {
			isa = PBXFrameworksBuildPhase;
			buildActionMask = 2147483647;
			files = (
				BAFE8DDF29415770005488CF /* SimulationKit in Frameworks */,
				BA3743F7294286C400CA6194 /* Splash in Frameworks */,
				BAFE8DE129415770005488CF /* SimulationKitUI in Frameworks */,
				BAFE8DCB29410488005488CF /* SwiftPresent in Frameworks */,
			);
			runOnlyForDeploymentPostprocessing = 0;
		};
/* End PBXFrameworksBuildPhase section */

/* Begin PBXGroup section */
		BA3743E82942601B00CA6194 /* Layout */ = {
			isa = PBXGroup;
			children = (
				BA3743E62941619400CA6194 /* Slide.swift */,
				BA3743E92942602A00CA6194 /* TitledSlide.swift */,
				BA3743EB2942611500CA6194 /* TextBody.swift */,
			);
			path = Layout;
			sourceTree = "<group>";
		};
		BAFE8DAE29410475005488CF = {
			isa = PBXGroup;
			children = (
				BAFE8DB929410475005488CF /* HackathonPresentation */,
				BAFE8DB829410475005488CF /* Products */,
				BAFE8DC929410488005488CF /* Frameworks */,
			);
			sourceTree = "<group>";
		};
		BAFE8DB829410475005488CF /* Products */ = {
			isa = PBXGroup;
			children = (
				BAFE8DB729410475005488CF /* HackathonPresentation.app */,
			);
			name = Products;
			sourceTree = "<group>";
		};
		BAFE8DB929410475005488CF /* HackathonPresentation */ = {
			isa = PBXGroup;
			children = (
				BAFE8DDC29415738005488CF /* Boids */,
				BAFE8DD129411F14005488CF /* Slides.swift */,
				BA3743E82942601B00CA6194 /* Layout */,
				BAFE8DCC29411C7F005488CF /* Slides */,
				BAFE8DBA29410475005488CF /* HackathonPresentationApp.swift */,
				BAFE8DBC29410475005488CF /* ContentView.swift */,
				BAFE8DBE29410476005488CF /* Assets.xcassets */,
				BAFE8DC329410476005488CF /* HackathonPresentation.entitlements */,
				BAFE8DC029410476005488CF /* Preview Content */,
				BAFE8DD72941435B005488CF /* Theme.swift */,
			);
			path = HackathonPresentation;
			sourceTree = "<group>";
		};
		BAFE8DC029410476005488CF /* Preview Content */ = {
			isa = PBXGroup;
			children = (
				BAFE8DC129410476005488CF /* Preview Assets.xcassets */,
			);
			path = "Preview Content";
			sourceTree = "<group>";
		};
		BAFE8DC929410488005488CF /* Frameworks */ = {
			isa = PBXGroup;
			children = (
			);
			name = Frameworks;
			sourceTree = "<group>";
		};
		BAFE8DCC29411C7F005488CF /* Slides */ = {
			isa = PBXGroup;
			children = (
				BAFE8DCD29411C8C005488CF /* TitleSlide.swift */,
				BAFE8DD529412FA9005488CF /* TrollTitleSlide.swift */,
				BA3743E429415F6700CA6194 /* ExplanationSlide.swift */,
				BA3743F8294286CB00CA6194 /* CodeExample.swift */,
			);
			path = Slides;
			sourceTree = "<group>";
		};
		BAFE8DDC29415738005488CF /* Boids */ = {
			isa = PBXGroup;
			children = (
				BAFE8DE5294157CE005488CF /* BoidsCanvas.swift */,
				BAFE8DE4294157CE005488CF /* BoidShape.swift */,
				BAFE8DE8294158F6005488CF /* Boid.swift */,
				BAFE8DEA294158FB005488CF /* Flock.swift */,
				BAFE8DEC294158FF005488CF /* ForceGenerators.swift */,
			);
			path = Boids;
			sourceTree = "<group>";
		};
/* End PBXGroup section */

/* Begin PBXNativeTarget section */
		BAFE8DB629410475005488CF /* HackathonPresentation */ = {
			isa = PBXNativeTarget;
			buildConfigurationList = BAFE8DC629410476005488CF /* Build configuration list for PBXNativeTarget "HackathonPresentation" */;
			buildPhases = (
				BAFE8DB329410475005488CF /* Sources */,
				BAFE8DB429410475005488CF /* Frameworks */,
				BAFE8DB529410475005488CF /* Resources */,
			);
			buildRules = (
			);
			dependencies = (
			);
			name = HackathonPresentation;
			packageProductDependencies = (
				BAFE8DCA29410488005488CF /* SwiftPresent */,
				BAFE8DDE29415770005488CF /* SimulationKit */,
				BAFE8DE029415770005488CF /* SimulationKitUI */,
				BA3743F6294286C400CA6194 /* Splash */,
			);
			productName = HackathonPresentation;
			productReference = BAFE8DB729410475005488CF /* HackathonPresentation.app */;
			productType = "com.apple.product-type.application";
		};
/* End PBXNativeTarget section */

/* Begin PBXProject section */
		BAFE8DAF29410475005488CF /* Project object */ = {
			isa = PBXProject;
			attributes = {
				BuildIndependentTargetsInParallel = 1;
				LastSwiftUpdateCheck = 1400;
				LastUpgradeCheck = 1400;
				TargetAttributes = {
					BAFE8DB629410475005488CF = {
						CreatedOnToolsVersion = 14.0;
					};
				};
			};
			buildConfigurationList = BAFE8DB229410475005488CF /* Build configuration list for PBXProject "HackathonPresentation" */;
			compatibilityVersion = "Xcode 14.0";
			developmentRegion = en;
			hasScannedForEncodings = 0;
			knownRegions = (
				en,
				Base,
			);
			mainGroup = BAFE8DAE29410475005488CF;
			packageReferences = (
				BAFE8DDD29415770005488CF /* XCRemoteSwiftPackageReference "SimulationKit" */,
				BA3743F5294286C400CA6194 /* XCRemoteSwiftPackageReference "Splash" */,
			);
			productRefGroup = BAFE8DB829410475005488CF /* Products */;
			projectDirPath = "";
			projectRoot = "";
			targets = (
				BAFE8DB629410475005488CF /* HackathonPresentation */,
			);
		};
/* End PBXProject section */

/* Begin PBXResourcesBuildPhase section */
		BAFE8DB529410475005488CF /* Resources */ = {
			isa = PBXResourcesBuildPhase;
			buildActionMask = 2147483647;
			files = (
				BAFE8DC229410476005488CF /* Preview Assets.xcassets in Resources */,
				BAFE8DBF29410476005488CF /* Assets.xcassets in Resources */,
			);
			runOnlyForDeploymentPostprocessing = 0;
		};
/* End PBXResourcesBuildPhase section */

/* Begin PBXSourcesBuildPhase section */
		BAFE8DB329410475005488CF /* Sources */ = {
			isa = PBXSourcesBuildPhase;
			buildActionMask = 2147483647;
			files = (
				BAFE8DCE29411C8C005488CF /* TitleSlide.swift in Sources */,
				BA3743EA2942602A00CA6194 /* TitledSlide.swift in Sources */,
				BA3743E529415F6700CA6194 /* ExplanationSlide.swift in Sources */,
				BA3743F9294286CB00CA6194 /* CodeExample.swift in Sources */,
				BAFE8DE7294157CE005488CF /* BoidsCanvas.swift in Sources */,
				BAFE8DD629412FA9005488CF /* TrollTitleSlide.swift in Sources */,
				BAFE8DE9294158F6005488CF /* Boid.swift in Sources */,
				BAFE8DBD29410475005488CF /* ContentView.swift in Sources */,
				BAFE8DBB29410475005488CF /* HackathonPresentationApp.swift in Sources */,
				BAFE8DE6294157CE005488CF /* BoidShape.swift in Sources */,
				BAFE8DEB294158FB005488CF /* Flock.swift in Sources */,
				BAFE8DD229411F14005488CF /* Slides.swift in Sources */,
				BA3743EC2942611500CA6194 /* TextBody.swift in Sources */,
				BA3743E72941619400CA6194 /* Slide.swift in Sources */,
				BAFE8DED294158FF005488CF /* ForceGenerators.swift in Sources */,
				BAFE8DD82941435B005488CF /* Theme.swift in Sources */,
			);
			runOnlyForDeploymentPostprocessing = 0;
		};
/* End PBXSourcesBuildPhase section */

/* Begin XCBuildConfiguration section */
		BAFE8DC429410476005488CF /* Debug */ = {
			isa = XCBuildConfiguration;
			buildSettings = {
				ALWAYS_SEARCH_USER_PATHS = NO;
				CLANG_ANALYZER_NONNULL = YES;
				CLANG_ANALYZER_NUMBER_OBJECT_CONVERSION = YES_AGGRESSIVE;
				CLANG_CXX_LANGUAGE_STANDARD = "gnu++20";
				CLANG_ENABLE_MODULES = YES;
				CLANG_ENABLE_OBJC_ARC = YES;
				CLANG_ENABLE_OBJC_WEAK = YES;
				CLANG_WARN_BLOCK_CAPTURE_AUTORELEASING = YES;
				CLANG_WARN_BOOL_CONVERSION = YES;
				CLANG_WARN_COMMA = YES;
				CLANG_WARN_CONSTANT_CONVERSION = YES;
				CLANG_WARN_DEPRECATED_OBJC_IMPLEMENTATIONS = YES;
				CLANG_WARN_DIRECT_OBJC_ISA_USAGE = YES_ERROR;
				CLANG_WARN_DOCUMENTATION_COMMENTS = YES;
				CLANG_WARN_EMPTY_BODY = YES;
				CLANG_WARN_ENUM_CONVERSION = YES;
				CLANG_WARN_INFINITE_RECURSION = YES;
				CLANG_WARN_INT_CONVERSION = YES;
				CLANG_WARN_NON_LITERAL_NULL_CONVERSION = YES;
				CLANG_WARN_OBJC_IMPLICIT_RETAIN_SELF = YES;
				CLANG_WARN_OBJC_LITERAL_CONVERSION = YES;
				CLANG_WARN_OBJC_ROOT_CLASS = YES_ERROR;
				CLANG_WARN_QUOTED_INCLUDE_IN_FRAMEWORK_HEADER = YES;
				CLANG_WARN_RANGE_LOOP_ANALYSIS = YES;
				CLANG_WARN_STRICT_PROTOTYPES = YES;
				CLANG_WARN_SUSPICIOUS_MOVE = YES;
				CLANG_WARN_UNGUARDED_AVAILABILITY = YES_AGGRESSIVE;
				CLANG_WARN_UNREACHABLE_CODE = YES;
				CLANG_WARN__DUPLICATE_METHOD_MATCH = YES;
				COPY_PHASE_STRIP = NO;
				DEBUG_INFORMATION_FORMAT = dwarf;
				ENABLE_STRICT_OBJC_MSGSEND = YES;
				ENABLE_TESTABILITY = YES;
				GCC_C_LANGUAGE_STANDARD = gnu11;
				GCC_DYNAMIC_NO_PIC = NO;
				GCC_NO_COMMON_BLOCKS = YES;
				GCC_OPTIMIZATION_LEVEL = 0;
				GCC_PREPROCESSOR_DEFINITIONS = (
					"DEBUG=1",
					"$(inherited)",
				);
				GCC_WARN_64_TO_32_BIT_CONVERSION = YES;
				GCC_WARN_ABOUT_RETURN_TYPE = YES_ERROR;
				GCC_WARN_UNDECLARED_SELECTOR = YES;
				GCC_WARN_UNINITIALIZED_AUTOS = YES_AGGRESSIVE;
				GCC_WARN_UNUSED_FUNCTION = YES;
				GCC_WARN_UNUSED_VARIABLE = YES;
				MACOSX_DEPLOYMENT_TARGET = 12.3;
				MTL_ENABLE_DEBUG_INFO = INCLUDE_SOURCE;
				MTL_FAST_MATH = YES;
				ONLY_ACTIVE_ARCH = YES;
				SDKROOT = macosx;
				SWIFT_ACTIVE_COMPILATION_CONDITIONS = DEBUG;
				SWIFT_OPTIMIZATION_LEVEL = "-Onone";
			};
			name = Debug;
		};
		BAFE8DC529410476005488CF /* Release */ = {
			isa = XCBuildConfiguration;
			buildSettings = {
				ALWAYS_SEARCH_USER_PATHS = NO;
				CLANG_ANALYZER_NONNULL = YES;
				CLANG_ANALYZER_NUMBER_OBJECT_CONVERSION = YES_AGGRESSIVE;
				CLANG_CXX_LANGUAGE_STANDARD = "gnu++20";
				CLANG_ENABLE_MODULES = YES;
				CLANG_ENABLE_OBJC_ARC = YES;
				CLANG_ENABLE_OBJC_WEAK = YES;
				CLANG_WARN_BLOCK_CAPTURE_AUTORELEASING = YES;
				CLANG_WARN_BOOL_CONVERSION = YES;
				CLANG_WARN_COMMA = YES;
				CLANG_WARN_CONSTANT_CONVERSION = YES;
				CLANG_WARN_DEPRECATED_OBJC_IMPLEMENTATIONS = YES;
				CLANG_WARN_DIRECT_OBJC_ISA_USAGE = YES_ERROR;
				CLANG_WARN_DOCUMENTATION_COMMENTS = YES;
				CLANG_WARN_EMPTY_BODY = YES;
				CLANG_WARN_ENUM_CONVERSION = YES;
				CLANG_WARN_INFINITE_RECURSION = YES;
				CLANG_WARN_INT_CONVERSION = YES;
				CLANG_WARN_NON_LITERAL_NULL_CONVERSION = YES;
				CLANG_WARN_OBJC_IMPLICIT_RETAIN_SELF = YES;
				CLANG_WARN_OBJC_LITERAL_CONVERSION = YES;
				CLANG_WARN_OBJC_ROOT_CLASS = YES_ERROR;
				CLANG_WARN_QUOTED_INCLUDE_IN_FRAMEWORK_HEADER = YES;
				CLANG_WARN_RANGE_LOOP_ANALYSIS = YES;
				CLANG_WARN_STRICT_PROTOTYPES = YES;
				CLANG_WARN_SUSPICIOUS_MOVE = YES;
				CLANG_WARN_UNGUARDED_AVAILABILITY = YES_AGGRESSIVE;
				CLANG_WARN_UNREACHABLE_CODE = YES;
				CLANG_WARN__DUPLICATE_METHOD_MATCH = YES;
				COPY_PHASE_STRIP = NO;
				DEBUG_INFORMATION_FORMAT = "dwarf-with-dsym";
				ENABLE_NS_ASSERTIONS = NO;
				ENABLE_STRICT_OBJC_MSGSEND = YES;
				GCC_C_LANGUAGE_STANDARD = gnu11;
				GCC_NO_COMMON_BLOCKS = YES;
				GCC_WARN_64_TO_32_BIT_CONVERSION = YES;
				GCC_WARN_ABOUT_RETURN_TYPE = YES_ERROR;
				GCC_WARN_UNDECLARED_SELECTOR = YES;
				GCC_WARN_UNINITIALIZED_AUTOS = YES_AGGRESSIVE;
				GCC_WARN_UNUSED_FUNCTION = YES;
				GCC_WARN_UNUSED_VARIABLE = YES;
				MACOSX_DEPLOYMENT_TARGET = 12.3;
				MTL_ENABLE_DEBUG_INFO = NO;
				MTL_FAST_MATH = YES;
				SDKROOT = macosx;
				SWIFT_COMPILATION_MODE = wholemodule;
				SWIFT_OPTIMIZATION_LEVEL = "-O";
			};
			name = Release;
		};
		BAFE8DC729410476005488CF /* Debug */ = {
			isa = XCBuildConfiguration;
			buildSettings = {
				ASSETCATALOG_COMPILER_APPICON_NAME = AppIcon;
				ASSETCATALOG_COMPILER_GLOBAL_ACCENT_COLOR_NAME = AccentColor;
				CODE_SIGN_ENTITLEMENTS = HackathonPresentation/HackathonPresentation.entitlements;
				CODE_SIGN_STYLE = Automatic;
				COMBINE_HIDPI_IMAGES = YES;
				CURRENT_PROJECT_VERSION = 1;
				DEVELOPMENT_ASSET_PATHS = "\"HackathonPresentation/Preview Content\"";
				DEVELOPMENT_TEAM = 8W7VBLD26G;
				ENABLE_HARDENED_RUNTIME = YES;
				ENABLE_PREVIEWS = YES;
				GENERATE_INFOPLIST_FILE = YES;
				INFOPLIST_KEY_NSHumanReadableCopyright = "";
				LD_RUNPATH_SEARCH_PATHS = (
					"$(inherited)",
					"@executable_path/../Frameworks",
				);
				MACOSX_DEPLOYMENT_TARGET = 13.0;
				MARKETING_VERSION = 1.0;
				PRODUCT_BUNDLE_IDENTIFIER = com.ericgroom.HackathonPresentation;
				PRODUCT_NAME = "$(TARGET_NAME)";
				SWIFT_EMIT_LOC_STRINGS = YES;
				SWIFT_VERSION = 5.0;
			};
			name = Debug;
		};
		BAFE8DC829410476005488CF /* Release */ = {
			isa = XCBuildConfiguration;
			buildSettings = {
				ASSETCATALOG_COMPILER_APPICON_NAME = AppIcon;
				ASSETCATALOG_COMPILER_GLOBAL_ACCENT_COLOR_NAME = AccentColor;
				CODE_SIGN_ENTITLEMENTS = HackathonPresentation/HackathonPresentation.entitlements;
				CODE_SIGN_STYLE = Automatic;
				COMBINE_HIDPI_IMAGES = YES;
				CURRENT_PROJECT_VERSION = 1;
				DEVELOPMENT_ASSET_PATHS = "\"HackathonPresentation/Preview Content\"";
				DEVELOPMENT_TEAM = 8W7VBLD26G;
				ENABLE_HARDENED_RUNTIME = YES;
				ENABLE_PREVIEWS = YES;
				GENERATE_INFOPLIST_FILE = YES;
				INFOPLIST_KEY_NSHumanReadableCopyright = "";
				LD_RUNPATH_SEARCH_PATHS = (
					"$(inherited)",
					"@executable_path/../Frameworks",
				);
				MACOSX_DEPLOYMENT_TARGET = 13.0;
				MARKETING_VERSION = 1.0;
				PRODUCT_BUNDLE_IDENTIFIER = com.ericgroom.HackathonPresentation;
				PRODUCT_NAME = "$(TARGET_NAME)";
				SWIFT_EMIT_LOC_STRINGS = YES;
				SWIFT_VERSION = 5.0;
			};
			name = Release;
		};
/* End XCBuildConfiguration section */

/* Begin XCConfigurationList section */
		BAFE8DB229410475005488CF /* Build configuration list for PBXProject "HackathonPresentation" */ = {
			isa = XCConfigurationList;
			buildConfigurations = (
				BAFE8DC429410476005488CF /* Debug */,
				BAFE8DC529410476005488CF /* Release */,
			);
			defaultConfigurationIsVisible = 0;
			defaultConfigurationName = Release;
		};
		BAFE8DC629410476005488CF /* Build configuration list for PBXNativeTarget "HackathonPresentation" */ = {
			isa = XCConfigurationList;
			buildConfigurations = (
				BAFE8DC729410476005488CF /* Debug */,
				BAFE8DC829410476005488CF /* Release */,
			);
			defaultConfigurationIsVisible = 0;
			defaultConfigurationName = Release;
		};
/* End XCConfigurationList section */

/* Begin XCRemoteSwiftPackageReference section */
		BA3743F5294286C400CA6194 /* XCRemoteSwiftPackageReference "Splash" */ = {
			isa = XCRemoteSwiftPackageReference;
			repositoryURL = "https://github.com/JohnSundell/Splash";
			requirement = {
				kind = upToNextMinorVersion;
				minimumVersion = 0.9.0;
			};
		};
		BAFE8DDD29415770005488CF /* XCRemoteSwiftPackageReference "SimulationKit" */ = {
			isa = XCRemoteSwiftPackageReference;
			repositoryURL = "https://github.com/ericgroom/SimulationKit";
			requirement = {
				branch = master;
				kind = branch;
			};
		};
/* End XCRemoteSwiftPackageReference section */

/* Begin XCSwiftPackageProductDependency section */
		BA3743F6294286C400CA6194 /* Splash */ = {
			isa = XCSwiftPackageProductDependency;
			package = BA3743F5294286C400CA6194 /* XCRemoteSwiftPackageReference "Splash" */;
			productName = Splash;
		};
		BAFE8DCA29410488005488CF /* SwiftPresent */ = {
			isa = XCSwiftPackageProductDependency;
			productName = SwiftPresent;
		};
		BAFE8DDE29415770005488CF /* SimulationKit */ = {
			isa = XCSwiftPackageProductDependency;
			package = BAFE8DDD29415770005488CF /* XCRemoteSwiftPackageReference "SimulationKit" */;
			productName = SimulationKit;
		};
		BAFE8DE029415770005488CF /* SimulationKitUI */ = {
			isa = XCSwiftPackageProductDependency;
			package = BAFE8DDD29415770005488CF /* XCRemoteSwiftPackageReference "SimulationKit" */;
			productName = SimulationKitUI;
		};
/* End XCSwiftPackageProductDependency section */
	};
	rootObject = BAFE8DAF29410475005488CF /* Project object */;
}
